
Microsoft Visual Studio Solution File, Format Version 12.00
# Visual Studio Version 16
VisualStudioVersion = 16.0.33328.57
MinimumVisualStudioVersion = 10.0.40219.1
Project("{FAE04EC0-301F-11D3-BF4B-00C04F79EFBC}") = "Atividade 5", "Atividade 5\Atividade 5.csproj", "{B3BA2EC2-E413-466E-8B87-25B042E85409}"
EndProject
Global
	GlobalSection(SolutionConfigurationPlatforms) = preSolution
		Debug|Any CPU = Debug|Any CPU
		Release|Any CPU = Release|Any CPU
	EndGlobalSection
	GlobalSection(ProjectConfigurationPlatforms) = postSolution
		{B3BA2EC2-E413-466E-8B87-25B042E85409}.Debug|Any CPU.ActiveCfg = Debug|Any CPU
		{B3BA2EC2-E413-466E-8B87-25B042E85409}.Debug|Any CPU.Build.0 = Debug|Any CPU
		{B3BA2EC2-E413-466E-8B87-25B042E85409}.Release|Any CPU.ActiveCfg = Release|Any CPU
		{B3BA2EC2-E413-466E-8B87-25B042E85409}.Release|Any CPU.Build.0 = Release|Any CPU
	EndGlobalSection
	GlobalSection(SolutionProperties) = preSolution
		HideSolutionNode = FALSE
	EndGlobalSection
	GlobalSection(ExtensibilityGlobals) = postSolution
		SolutionGuid = {6CF86E32-57B2-4A83-8F44-77E50B541209}
	EndGlobalSection
EndGlobal
