
Microsoft Visual Studio Solution File, Format Version 12.00
# Visual Studio Version 16
VisualStudioVersion = 16.0.33328.57
MinimumVisualStudioVersion = 10.0.40219.1
Project("{FAE04EC0-301F-11D3-BF4B-00C04F79EFBC}") = "Atividade 4", "Atividade 4\Atividade 4.csproj", "{43F3CB14-7C89-4F78-BCF3-E0E0E8553A02}"
EndProject
Global
	GlobalSection(SolutionConfigurationPlatforms) = preSolution
		Debug|Any CPU = Debug|Any CPU
		Release|Any CPU = Release|Any CPU
	EndGlobalSection
	GlobalSection(ProjectConfigurationPlatforms) = postSolution
		{43F3CB14-7C89-4F78-BCF3-E0E0E8553A02}.Debug|Any CPU.ActiveCfg = Debug|Any CPU
		{43F3CB14-7C89-4F78-BCF3-E0E0E8553A02}.Debug|Any CPU.Build.0 = Debug|Any CPU
		{43F3CB14-7C89-4F78-BCF3-E0E0E8553A02}.Release|Any CPU.ActiveCfg = Release|Any CPU
		{43F3CB14-7C89-4F78-BCF3-E0E0E8553A02}.Release|Any CPU.Build.0 = Release|Any CPU
	EndGlobalSection
	GlobalSection(SolutionProperties) = preSolution
		HideSolutionNode = FALSE
	EndGlobalSection
	GlobalSection(ExtensibilityGlobals) = postSolution
		SolutionGuid = {6E82BCE1-1B28-4655-8095-10F26301C4CA}
	EndGlobalSection
EndGlobal
